
Microsoft Visual Studio Solution File, Format Version 12.00
# Visual Studio Version 16
VisualStudioVersion = 16.0.31205.134
MinimumVisualStudioVersion = 10.0.40219.1
Project("{9A19103F-16F7-4668-BE54-9A1E7A4F7556}") = "Common", "Common\Common.csproj", "{66622718-A464-4AC7-9C67-53FAC5D5E67F}"
EndProject
Project("{9A19103F-16F7-4668-BE54-9A1E7A4F7556}") = "IdentitySuite", "IdentitySuite\IdentitySuite.csproj", "{808E3217-9D75-42F0-9D63-A8E66924B143}"
EndProject
Project("{9A19103F-16F7-4668-BE54-9A1E7A4F7556}") = "IgniteAdmin", "IgniteMobileAdmin\IgniteAdmin.csproj", "{27E0E56F-4C3D-44E2-B247-04139BC65ECB}"
EndProject
Project("{9A19103F-16F7-4668-BE54-9A1E7A4F7556}") = "Reporting", "Reporting\Reporting.csproj", "{A6069E7A-797E-4A26-81C1-5C4DCD50247E}"
EndProject
Project("{9A19103F-16F7-4668-BE54-9A1E7A4F7556}") = "Subscribtions", "Subscriptions\Subscribtions.csproj", "{4AA2D514-01CF-48C4-9737-ECC9CD4E621F}"
EndProject
Global
	GlobalSection(SolutionConfigurationPlatforms) = preSolution
		Debug|Any CPU = Debug|Any CPU
		Release|Any CPU = Release|Any CPU
	EndGlobalSection
	GlobalSection(ProjectConfigurationPlatforms) = postSolution
		{66622718-A464-4AC7-9C67-53FAC5D5E67F}.Debug|Any CPU.ActiveCfg = Debug|Any CPU
		{66622718-A464-4AC7-9C67-53FAC5D5E67F}.Debug|Any CPU.Build.0 = Debug|Any CPU
		{66622718-A464-4AC7-9C67-53FAC5D5E67F}.Release|Any CPU.ActiveCfg = Release|Any CPU
		{66622718-A464-4AC7-9C67-53FAC5D5E67F}.Release|Any CPU.Build.0 = Release|Any CPU
		{808E3217-9D75-42F0-9D63-A8E66924B143}.Debug|Any CPU.ActiveCfg = Debug|Any CPU
		{808E3217-9D75-42F0-9D63-A8E66924B143}.Debug|Any CPU.Build.0 = Debug|Any CPU
		{808E3217-9D75-42F0-9D63-A8E66924B143}.Release|Any CPU.ActiveCfg = Release|Any CPU
		{808E3217-9D75-42F0-9D63-A8E66924B143}.Release|Any CPU.Build.0 = Release|Any CPU
		{27E0E56F-4C3D-44E2-B247-04139BC65ECB}.Debug|Any CPU.ActiveCfg = Debug|Any CPU
		{27E0E56F-4C3D-44E2-B247-04139BC65ECB}.Debug|Any CPU.Build.0 = Debug|Any CPU
		{27E0E56F-4C3D-44E2-B247-04139BC65ECB}.Release|Any CPU.ActiveCfg = Release|Any CPU
		{27E0E56F-4C3D-44E2-B247-04139BC65ECB}.Release|Any CPU.Build.0 = Release|Any CPU
		{A6069E7A-797E-4A26-81C1-5C4DCD50247E}.Debug|Any CPU.ActiveCfg = Debug|Any CPU
		{A6069E7A-797E-4A26-81C1-5C4DCD50247E}.Debug|Any CPU.Build.0 = Debug|Any CPU
		{A6069E7A-797E-4A26-81C1-5C4DCD50247E}.Release|Any CPU.ActiveCfg = Release|Any CPU
		{A6069E7A-797E-4A26-81C1-5C4DCD50247E}.Release|Any CPU.Build.0 = Release|Any CPU
		{4AA2D514-01CF-48C4-9737-ECC9CD4E621F}.Debug|Any CPU.ActiveCfg = Debug|Any CPU
		{4AA2D514-01CF-48C4-9737-ECC9CD4E621F}.Debug|Any CPU.Build.0 = Debug|Any CPU
		{4AA2D514-01CF-48C4-9737-ECC9CD4E621F}.Release|Any CPU.ActiveCfg = Release|Any CPU
		{4AA2D514-01CF-48C4-9737-ECC9CD4E621F}.Release|Any CPU.Build.0 = Release|Any CPU
	EndGlobalSection
	GlobalSection(SolutionProperties) = preSolution
		HideSolutionNode = FALSE
	EndGlobalSection
	GlobalSection(ExtensibilityGlobals) = postSolution
		SolutionGuid = {70F71253-5D52-4896-8C89-AC6973C98A22}
	EndGlobalSection
EndGlobal
